// !$*UTF8*$!
{
	archiveVersion = 1;
	classes = {
	};
	objectVersion = 77;
	objects = {

/* Begin PBXBuildFile section */
		80944BB12DB6B18C0090D9EE /* README.md in Resources */ = {isa = PBXBuildFile; fileRef = 80944BB02DB6B18C0090D9EE /* README.md */; };
		80944BDD2DB6D0AF0090D9EE /* .gitignore in Resources */ = {isa = PBXBuildFile; fileRef = 80944BDC2DB6D0AA0090D9EE /* .gitignore */; };
/* End PBXBuildFile section */

/* Begin PBXContainerItemProxy section */
		80944B902DB6B11A0090D9EE /* PBXContainerItemProxy */ = {
			isa = PBXContainerItemProxy;
			containerPortal = 80944B7A2DB6B1190090D9EE /* Project object */;
			proxyType = 1;
			remoteGlobalIDString = 80944B812DB6B1190090D9EE;
			remoteInfo = LaudPlants;
		};
		80944B9A2DB6B11A0090D9EE /* PBXContainerItemProxy */ = {
			isa = PBXContainerItemProxy;
			containerPortal = 80944B7A2DB6B1190090D9EE /* Project object */;
			proxyType = 1;
			remoteGlobalIDString = 80944B812DB6B1190090D9EE;
			remoteInfo = LaudPlants;
		};
/* End PBXContainerItemProxy section */

/* Begin PBXFileReference section */
		80944B822DB6B1190090D9EE /* LaudPlants.app */ = {isa = PBXFileReference; explicitFileType = wrapper.application; includeInIndex = 0; path = LaudPlants.app; sourceTree = BUILT_PRODUCTS_DIR; };
		80944B8F2DB6B11A0090D9EE /* LaudPlantsTests.xctest */ = {isa = PBXFileReference; explicitFileType = wrapper.cfbundle; includeInIndex = 0; path = LaudPlantsTests.xctest; sourceTree = BUILT_PRODUCTS_DIR; };
		80944B992DB6B11A0090D9EE /* LaudPlantsUITests.xctest */ = {isa = PBXFileReference; explicitFileType = wrapper.cfbundle; includeInIndex = 0; path = LaudPlantsUITests.xctest; sourceTree = BUILT_PRODUCTS_DIR; };
		80944BB02DB6B18C0090D9EE /* README.md */ = {isa = PBXFileReference; lastKnownFileType = net.daringfireball.markdown; path = README.md; sourceTree = "<group>"; };
		80944BDC2DB6D0AA0090D9EE /* .gitignore */ = {isa = PBXFileReference; lastKnownFileType = text; path = .gitignore; sourceTree = "<group>"; };
/* End PBXFileReference section */

/* Begin PBXFileSystemSynchronizedRootGroup section */
		80944B842DB6B1190090D9EE /* LaudPlants */ = {
			isa = PBXFileSystemSynchronizedRootGroup;
			path = LaudPlants;
			sourceTree = "<group>";
		};
		80944B922DB6B11A0090D9EE /* LaudPlantsTests */ = {
			isa = PBXFileSystemSynchronizedRootGroup;
			path = LaudPlantsTests;
			sourceTree = "<group>";
		};
		80944B9C2DB6B11A0090D9EE /* LaudPlantsUITests */ = {
			isa = PBXFileSystemSynchronizedRootGroup;
			path = LaudPlantsUITests;
			sourceTree = "<group>";
		};
/* End PBXFileSystemSynchronizedRootGroup section */

/* Begin PBXFrameworksBuildPhase section */
		80944B7F2DB6B1190090D9EE /* Frameworks */ = {
			isa = PBXFrameworksBuildPhase;
			buildActionMask = 2147483647;
			files = (
			);
			runOnlyForDeploymentPostprocessing = 0;
		};
		80944B8C2DB6B11A0090D9EE /* Frameworks */ = {
			isa = PBXFrameworksBuildPhase;
			buildActionMask = 2147483647;
			files = (
			);
			runOnlyForDeploymentPostprocessing = 0;
		};
		80944B962DB6B11A0090D9EE /* Frameworks */ = {
			isa = PBXFrameworksBuildPhase;
			buildActionMask = 2147483647;
			files = (
			);
			runOnlyForDeploymentPostprocessing = 0;
		};
/* End PBXFrameworksBuildPhase section */

/* Begin PBXGroup section */
		80944B792DB6B1190090D9EE = {
			isa = PBXGroup;
			children = (
				80944BDC2DB6D0AA0090D9EE /* .gitignore */,
				80944BB02DB6B18C0090D9EE /* README.md */,
				80944B842DB6B1190090D9EE /* LaudPlants */,
				80944B922DB6B11A0090D9EE /* LaudPlantsTests */,
				80944B9C2DB6B11A0090D9EE /* LaudPlantsUITests */,
				80944B832DB6B1190090D9EE /* Products */,
			);
			sourceTree = "<group>";
		};
		80944B832DB6B1190090D9EE /* Products */ = {
			isa = PBXGroup;
			children = (
				80944B822DB6B1190090D9EE /* LaudPlants.app */,
				80944B8F2DB6B11A0090D9EE /* LaudPlantsTests.xctest */,
				80944B992DB6B11A0090D9EE /* LaudPlantsUITests.xctest */,
			);
			name = Products;
			sourceTree = "<group>";
		};
/* End PBXGroup section */

/* Begin PBXNativeTarget section */
		80944B812DB6B1190090D9EE /* LaudPlants */ = {
			isa = PBXNativeTarget;
			buildConfigurationList = 80944BA32DB6B11A0090D9EE /* Build configuration list for PBXNativeTarget "LaudPlants" */;
			buildPhases = (
				80944B7E2DB6B1190090D9EE /* Sources */,
				80944B7F2DB6B1190090D9EE /* Frameworks */,
				80944B802DB6B1190090D9EE /* Resources */,
			);
			buildRules = (
			);
			dependencies = (
			);
			fileSystemSynchronizedGroups = (
				80944B842DB6B1190090D9EE /* LaudPlants */,
			);
			name = LaudPlants;
			packageProductDependencies = (
			);
			productName = LaudPlants;
			productReference = 80944B822DB6B1190090D9EE /* LaudPlants.app */;
			productType = "com.apple.product-type.application";
		};
		80944B8E2DB6B11A0090D9EE /* LaudPlantsTests */ = {
			isa = PBXNativeTarget;
			buildConfigurationList = 80944BA62DB6B11A0090D9EE /* Build configuration list for PBXNativeTarget "LaudPlantsTests" */;
			buildPhases = (
				80944B8B2DB6B11A0090D9EE /* Sources */,
				80944B8C2DB6B11A0090D9EE /* Frameworks */,
				80944B8D2DB6B11A0090D9EE /* Resources */,
			);
			buildRules = (
			);
			dependencies = (
				80944B912DB6B11A0090D9EE /* PBXTargetDependency */,
			);
			fileSystemSynchronizedGroups = (
				80944B922DB6B11A0090D9EE /* LaudPlantsTests */,
			);
			name = LaudPlantsTests;
			packageProductDependencies = (
			);
			productName = LaudPlantsTests;
			productReference = 80944B8F2DB6B11A0090D9EE /* LaudPlantsTests.xctest */;
			productType = "com.apple.product-type.bundle.unit-test";
		};
		80944B982DB6B11A0090D9EE /* LaudPlantsUITests */ = {
			isa = PBXNativeTarget;
			buildConfigurationList = 80944BA92DB6B11A0090D9EE /* Build configuration list for PBXNativeTarget "LaudPlantsUITests" */;
			buildPhases = (
				80944B952DB6B11A0090D9EE /* Sources */,
				80944B962DB6B11A0090D9EE /* Frameworks */,
				80944B972DB6B11A0090D9EE /* Resources */,
			);
			buildRules = (
			);
			dependencies = (
				80944B9B2DB6B11A0090D9EE /* PBXTargetDependency */,
			);
			fileSystemSynchronizedGroups = (
				80944B9C2DB6B11A0090D9EE /* LaudPlantsUITests */,
			);
			name = LaudPlantsUITests;
			packageProductDependencies = (
			);
			productName = LaudPlantsUITests;
			productReference = 80944B992DB6B11A0090D9EE /* LaudPlantsUITests.xctest */;
			productType = "com.apple.product-type.bundle.ui-testing";
		};
/* End PBXNativeTarget section */

/* Begin PBXProject section */
		80944B7A2DB6B1190090D9EE /* Project object */ = {
			isa = PBXProject;
			attributes = {
				BuildIndependentTargetsInParallel = 1;
				LastSwiftUpdateCheck = 1630;
				LastUpgradeCheck = 1630;
				TargetAttributes = {
					80944B812DB6B1190090D9EE = {
						CreatedOnToolsVersion = 16.3;
					};
					80944B8E2DB6B11A0090D9EE = {
						CreatedOnToolsVersion = 16.3;
						TestTargetID = 80944B812DB6B1190090D9EE;
					};
					80944B982DB6B11A0090D9EE = {
						CreatedOnToolsVersion = 16.3;
						TestTargetID = 80944B812DB6B1190090D9EE;
					};
				};
			};
			buildConfigurationList = 80944B7D2DB6B1190090D9EE /* Build configuration list for PBXProject "LaudPlants" */;
			developmentRegion = en;
			hasScannedForEncodings = 0;
			knownRegions = (
				en,
				Base,
			);
			mainGroup = 80944B792DB6B1190090D9EE;
			minimizedProjectReferenceProxies = 1;
			preferredProjectObjectVersion = 77;
			productRefGroup = 80944B832DB6B1190090D9EE /* Products */;
			projectDirPath = "";
			projectRoot = "";
			targets = (
				80944B812DB6B1190090D9EE /* LaudPlants */,
				80944B8E2DB6B11A0090D9EE /* LaudPlantsTests */,
				80944B982DB6B11A0090D9EE /* LaudPlantsUITests */,
			);
		};
/* End PBXProject section */

/* Begin PBXResourcesBuildPhase section */
		80944B802DB6B1190090D9EE /* Resources */ = {
			isa = PBXResourcesBuildPhase;
			buildActionMask = 2147483647;
			files = (
				80944BB12DB6B18C0090D9EE /* README.md in Resources */,
				80944BDD2DB6D0AF0090D9EE /* .gitignore in Resources */,
			);
			runOnlyForDeploymentPostprocessing = 0;
		};
		80944B8D2DB6B11A0090D9EE /* Resources */ = {
			isa = PBXResourcesBuildPhase;
			buildActionMask = 2147483647;
			files = (
			);
			runOnlyForDeploymentPostprocessing = 0;
		};
		80944B972DB6B11A0090D9EE /* Resources */ = {
			isa = PBXResourcesBuildPhase;
			buildActionMask = 2147483647;
			files = (
			);
			runOnlyForDeploymentPostprocessing = 0;
		};
/* End PBXResourcesBuildPhase section */

/* Begin PBXSourcesBuildPhase section */
		80944B7E2DB6B1190090D9EE /* Sources */ = {
			isa = PBXSourcesBuildPhase;
			buildActionMask = 2147483647;
			files = (
			);
			runOnlyForDeploymentPostprocessing = 0;
		};
		80944B8B2DB6B11A0090D9EE /* Sources */ = {
			isa = PBXSourcesBuildPhase;
			buildActionMask = 2147483647;
			files = (
			);
			runOnlyForDeploymentPostprocessing = 0;
		};
		80944B952DB6B11A0090D9EE /* Sources */ = {
			isa = PBXSourcesBuildPhase;
			buildActionMask = 2147483647;
			files = (
			);
			runOnlyForDeploymentPostprocessing = 0;
		};
/* End PBXSourcesBuildPhase section */

/* Begin PBXTargetDependency section */
		80944B912DB6B11A0090D9EE /* PBXTargetDependency */ = {
			isa = PBXTargetDependency;
			target = 80944B812DB6B1190090D9EE /* LaudPlants */;
			targetProxy = 80944B902DB6B11A0090D9EE /* PBXContainerItemProxy */;
		};
		80944B9B2DB6B11A0090D9EE /* PBXTargetDependency */ = {
			isa = PBXTargetDependency;
			target = 80944B812DB6B1190090D9EE /* LaudPlants */;
			targetProxy = 80944B9A2DB6B11A0090D9EE /* PBXContainerItemProxy */;
		};
/* End PBXTargetDependency section */

/* Begin XCBuildConfiguration section */
		80944BA12DB6B11A0090D9EE /* Debug */ = {
			isa = XCBuildConfiguration;
			buildSettings = {
				ALWAYS_SEARCH_USER_PATHS = NO;
				ASSETCATALOG_COMPILER_GENERATE_SWIFT_ASSET_SYMBOL_EXTENSIONS = YES;
				CLANG_ANALYZER_NONNULL = YES;
				CLANG_ANALYZER_NUMBER_OBJECT_CONVERSION = YES_AGGRESSIVE;
				CLANG_CXX_LANGUAGE_STANDARD = "gnu++20";
				CLANG_ENABLE_MODULES = YES;
				CLANG_ENABLE_OBJC_ARC = YES;
				CLANG_ENABLE_OBJC_WEAK = YES;
				CLANG_WARN_BLOCK_CAPTURE_AUTORELEASING = YES;
				CLANG_WARN_BOOL_CONVERSION = YES;
				CLANG_WARN_COMMA = YES;
				CLANG_WARN_CONSTANT_CONVERSION = YES;
				CLANG_WARN_DEPRECATED_OBJC_IMPLEMENTATIONS = YES;
				CLANG_WARN_DIRECT_OBJC_ISA_USAGE = YES_ERROR;
				CLANG_WARN_DOCUMENTATION_COMMENTS = YES;
				CLANG_WARN_EMPTY_BODY = YES;
				CLANG_WARN_ENUM_CONVERSION = YES;
				CLANG_WARN_INFINITE_RECURSION = YES;
				CLANG_WARN_INT_CONVERSION = YES;
				CLANG_WARN_NON_LITERAL_NULL_CONVERSION = YES;
				CLANG_WARN_OBJC_IMPLICIT_RETAIN_SELF = YES;
				CLANG_WARN_OBJC_LITERAL_CONVERSION = YES;
				CLANG_WARN_OBJC_ROOT_CLASS = YES_ERROR;
				CLANG_WARN_QUOTED_INCLUDE_IN_FRAMEWORK_HEADER = YES;
				CLANG_WARN_RANGE_LOOP_ANALYSIS = YES;
				CLANG_WARN_STRICT_PROTOTYPES = YES;
				CLANG_WARN_SUSPICIOUS_MOVE = YES;
				CLANG_WARN_UNGUARDED_AVAILABILITY = YES_AGGRESSIVE;
				CLANG_WARN_UNREACHABLE_CODE = YES;
				CLANG_WARN__DUPLICATE_METHOD_MATCH = YES;
				COPY_PHASE_STRIP = NO;
				DEBUG_INFORMATION_FORMAT = dwarf;
				DEVELOPMENT_TEAM = 9Q7TD4AGF4;
				ENABLE_STRICT_OBJC_MSGSEND = YES;
				ENABLE_TESTABILITY = YES;
				ENABLE_USER_SCRIPT_SANDBOXING = YES;
				GCC_C_LANGUAGE_STANDARD = gnu17;
				GCC_DYNAMIC_NO_PIC = NO;
				GCC_NO_COMMON_BLOCKS = YES;
				GCC_OPTIMIZATION_LEVEL = 0;
				GCC_PREPROCESSOR_DEFINITIONS = (
					"DEBUG=1",
					"$(inherited)",
				);
				GCC_WARN_64_TO_32_BIT_CONVERSION = YES;
				GCC_WARN_ABOUT_RETURN_TYPE = YES_ERROR;
				GCC_WARN_UNDECLARED_SELECTOR = YES;
				GCC_WARN_UNINITIALIZED_AUTOS = YES_AGGRESSIVE;
				GCC_WARN_UNUSED_FUNCTION = YES;
				GCC_WARN_UNUSED_VARIABLE = YES;
				IPHONEOS_DEPLOYMENT_TARGET = 18.4;
				LOCALIZATION_PREFERS_STRING_CATALOGS = YES;
				MTL_ENABLE_DEBUG_INFO = INCLUDE_SOURCE;
				MTL_FAST_MATH = YES;
				ONLY_ACTIVE_ARCH = YES;
				SDKROOT = iphoneos;
				SWIFT_ACTIVE_COMPILATION_CONDITIONS = "DEBUG $(inherited)";
				SWIFT_OPTIMIZATION_LEVEL = "-Onone";
			};
			name = Debug;
		};
		80944BA22DB6B11A0090D9EE /* Release */ = {
			isa = XCBuildConfiguration;
			buildSettings = {
				ALWAYS_SEARCH_USER_PATHS = NO;
				ASSETCATALOG_COMPILER_GENERATE_SWIFT_ASSET_SYMBOL_EXTENSIONS = YES;
				CLANG_ANALYZER_NONNULL = YES;
				CLANG_ANALYZER_NUMBER_OBJECT_CONVERSION = YES_AGGRESSIVE;
				CLANG_CXX_LANGUAGE_STANDARD = "gnu++20";
				CLANG_ENABLE_MODULES = YES;
				CLANG_ENABLE_OBJC_ARC = YES;
				CLANG_ENABLE_OBJC_WEAK = YES;
				CLANG_WARN_BLOCK_CAPTURE_AUTORELEASING = YES;
				CLANG_WARN_BOOL_CONVERSION = YES;
				CLANG_WARN_COMMA = YES;
				CLANG_WARN_CONSTANT_CONVERSION = YES;
				CLANG_WARN_DEPRECATED_OBJC_IMPLEMENTATIONS = YES;
				CLANG_WARN_DIRECT_OBJC_ISA_USAGE = YES_ERROR;
				CLANG_WARN_DOCUMENTATION_COMMENTS = YES;
				CLANG_WARN_EMPTY_BODY = YES;
				CLANG_WARN_ENUM_CONVERSION = YES;
				CLANG_WARN_INFINITE_RECURSION = YES;
				CLANG_WARN_INT_CONVERSION = YES;
				CLANG_WARN_NON_LITERAL_NULL_CONVERSION = YES;
				CLANG_WARN_OBJC_IMPLICIT_RETAIN_SELF = YES;
				CLANG_WARN_OBJC_LITERAL_CONVERSION = YES;
				CLANG_WARN_OBJC_ROOT_CLASS = YES_ERROR;
				CLANG_WARN_QUOTED_INCLUDE_IN_FRAMEWORK_HEADER = YES;
				CLANG_WARN_RANGE_LOOP_ANALYSIS = YES;
				CLANG_WARN_STRICT_PROTOTYPES = YES;
				CLANG_WARN_SUSPICIOUS_MOVE = YES;
				CLANG_WARN_UNGUARDED_AVAILABILITY = YES_AGGRESSIVE;
				CLANG_WARN_UNREACHABLE_CODE = YES;
				CLANG_WARN__DUPLICATE_METHOD_MATCH = YES;
				COPY_PHASE_STRIP = NO;
				DEBUG_INFORMATION_FORMAT = "dwarf-with-dsym";
				DEVELOPMENT_TEAM = 9Q7TD4AGF4;
				ENABLE_NS_ASSERTIONS = NO;
				ENABLE_STRICT_OBJC_MSGSEND = YES;
				ENABLE_USER_SCRIPT_SANDBOXING = YES;
				GCC_C_LANGUAGE_STANDARD = gnu17;
				GCC_NO_COMMON_BLOCKS = YES;
				GCC_WARN_64_TO_32_BIT_CONVERSION = YES;
				GCC_WARN_ABOUT_RETURN_TYPE = YES_ERROR;
				GCC_WARN_UNDECLARED_SELECTOR = YES;
				GCC_WARN_UNINITIALIZED_AUTOS = YES_AGGRESSIVE;
				GCC_WARN_UNUSED_FUNCTION = YES;
				GCC_WARN_UNUSED_VARIABLE = YES;
				IPHONEOS_DEPLOYMENT_TARGET = 18.4;
				LOCALIZATION_PREFERS_STRING_CATALOGS = YES;
				MTL_ENABLE_DEBUG_INFO = NO;
				MTL_FAST_MATH = YES;
				SDKROOT = iphoneos;
				SWIFT_COMPILATION_MODE = wholemodule;
				VALIDATE_PRODUCT = YES;
			};
			name = Release;
		};
		80944BA42DB6B11A0090D9EE /* Debug */ = {
			isa = XCBuildConfiguration;
			buildSettings = {
				ASSETCATALOG_COMPILER_APPICON_NAME = AppIcon;
				ASSETCATALOG_COMPILER_GLOBAL_ACCENT_COLOR_NAME = AccentColor;
				CODE_SIGN_STYLE = Automatic;
				CURRENT_PROJECT_VERSION = 1;
				DEVELOPMENT_TEAM = 9Q7TD4AGF4;
				ENABLE_PREVIEWS = YES;
				GENERATE_INFOPLIST_FILE = YES;
				INFOPLIST_KEY_NSCameraUsageDescription = "";
				INFOPLIST_KEY_UIApplicationSupportsIndirectInputEvents = YES;
				INFOPLIST_KEY_UILaunchScreen_Generation = YES;
				INFOPLIST_KEY_UIRequiredDeviceCapabilities = arkit;
				INFOPLIST_KEY_UIStatusBarHidden = YES;
				INFOPLIST_KEY_UISupportedInterfaceOrientations_iPad = "UIInterfaceOrientationPortrait UIInterfaceOrientationPortraitUpsideDown UIInterfaceOrientationLandscapeLeft UIInterfaceOrientationLandscapeRight";
				INFOPLIST_KEY_UISupportedInterfaceOrientations_iPhone = "UIInterfaceOrientationPortrait UIInterfaceOrientationLandscapeLeft UIInterfaceOrientationLandscapeRight";
				LD_RUNPATH_SEARCH_PATHS = (
					"$(inherited)",
					"@executable_path/Frameworks",
				);
				MARKETING_VERSION = 1.0;
				PRODUCT_BUNDLE_IDENTIFIER = test.LaudPlants;
				PRODUCT_NAME = "$(TARGET_NAME)";
				SWIFT_EMIT_LOC_STRINGS = YES;
				SWIFT_VERSION = 5.0;
				TARGETED_DEVICE_FAMILY = "1,2";
			};
			name = Debug;
		};
		80944BA52DB6B11A0090D9EE /* Release */ = {
			isa = XCBuildConfiguration;
			buildSettings = {
				ASSETCATALOG_COMPILER_APPICON_NAME = AppIcon;
				ASSETCATALOG_COMPILER_GLOBAL_ACCENT_COLOR_NAME = AccentColor;
				CODE_SIGN_STYLE = Automatic;
				CURRENT_PROJECT_VERSION = 1;
				DEVELOPMENT_TEAM = 9Q7TD4AGF4;
				ENABLE_PREVIEWS = YES;
				GENERATE_INFOPLIST_FILE = YES;
				INFOPLIST_KEY_NSCameraUsageDescription = "";
				INFOPLIST_KEY_UIApplicationSupportsIndirectInputEvents = YES;
				INFOPLIST_KEY_UILaunchScreen_Generation = YES;
				INFOPLIST_KEY_UIRequiredDeviceCapabilities = arkit;
				INFOPLIST_KEY_UIStatusBarHidden = YES;
				INFOPLIST_KEY_UISupportedInterfaceOrientations_iPad = "UIInterfaceOrientationPortrait UIInterfaceOrientationPortraitUpsideDown UIInterfaceOrientationLandscapeLeft UIInterfaceOrientationLandscapeRight";
				INFOPLIST_KEY_UISupportedInterfaceOrientations_iPhone = "UIInterfaceOrientationPortrait UIInterfaceOrientationLandscapeLeft UIInterfaceOrientationLandscapeRight";
				LD_RUNPATH_SEARCH_PATHS = (
					"$(inherited)",
					"@executable_path/Frameworks",
				);
				MARKETING_VERSION = 1.0;
				PRODUCT_BUNDLE_IDENTIFIER = test.LaudPlants;
				PRODUCT_NAME = "$(TARGET_NAME)";
				SWIFT_EMIT_LOC_STRINGS = YES;
				SWIFT_VERSION = 5.0;
				TARGETED_DEVICE_FAMILY = "1,2";
			};
			name = Release;
		};
		80944BA72DB6B11A0090D9EE /* Debug */ = {
			isa = XCBuildConfiguration;
			buildSettings = {
				BUNDLE_LOADER = "$(TEST_HOST)";
				CODE_SIGN_STYLE = Automatic;
				CURRENT_PROJECT_VERSION = 1;
				DEVELOPMENT_TEAM = 9Q7TD4AGF4;
				GENERATE_INFOPLIST_FILE = YES;
				IPHONEOS_DEPLOYMENT_TARGET = 18.4;
				MARKETING_VERSION = 1.0;
				PRODUCT_BUNDLE_IDENTIFIER = test.LaudPlantsTests;
				PRODUCT_NAME = "$(TARGET_NAME)";
				SWIFT_EMIT_LOC_STRINGS = NO;
				SWIFT_VERSION = 5.0;
				TARGETED_DEVICE_FAMILY = "1,2";
				TEST_HOST = "$(BUILT_PRODUCTS_DIR)/LaudPlants.app/$(BUNDLE_EXECUTABLE_FOLDER_PATH)/LaudPlants";
			};
			name = Debug;
		};
		80944BA82DB6B11A0090D9EE /* Release */ = {
			isa = XCBuildConfiguration;
			buildSettings = {
				BUNDLE_LOADER = "$(TEST_HOST)";
				CODE_SIGN_STYLE = Automatic;
				CURRENT_PROJECT_VERSION = 1;
				DEVELOPMENT_TEAM = 9Q7TD4AGF4;
				GENERATE_INFOPLIST_FILE = YES;
				IPHONEOS_DEPLOYMENT_TARGET = 18.4;
				MARKETING_VERSION = 1.0;
				PRODUCT_BUNDLE_IDENTIFIER = test.LaudPlantsTests;
				PRODUCT_NAME = "$(TARGET_NAME)";
				SWIFT_EMIT_LOC_STRINGS = NO;
				SWIFT_VERSION = 5.0;
				TARGETED_DEVICE_FAMILY = "1,2";
				TEST_HOST = "$(BUILT_PRODUCTS_DIR)/LaudPlants.app/$(BUNDLE_EXECUTABLE_FOLDER_PATH)/LaudPlants";
			};
			name = Release;
		};
		80944BAA2DB6B11A0090D9EE /* Debug */ = {
			isa = XCBuildConfiguration;
			buildSettings = {
				CODE_SIGN_STYLE = Automatic;
				CURRENT_PROJECT_VERSION = 1;
				DEVELOPMENT_TEAM = 9Q7TD4AGF4;
				GENERATE_INFOPLIST_FILE = YES;
				MARKETING_VERSION = 1.0;
				PRODUCT_BUNDLE_IDENTIFIER = test.LaudPlantsUITests;
				PRODUCT_NAME = "$(TARGET_NAME)";
				SWIFT_EMIT_LOC_STRINGS = NO;
				SWIFT_VERSION = 5.0;
				TARGETED_DEVICE_FAMILY = "1,2";
				TEST_TARGET_NAME = LaudPlants;
			};
			name = Debug;
		};
		80944BAB2DB6B11A0090D9EE /* Release */ = {
			isa = XCBuildConfiguration;
			buildSettings = {
				CODE_SIGN_STYLE = Automatic;
				CURRENT_PROJECT_VERSION = 1;
				DEVELOPMENT_TEAM = 9Q7TD4AGF4;
				GENERATE_INFOPLIST_FILE = YES;
				MARKETING_VERSION = 1.0;
				PRODUCT_BUNDLE_IDENTIFIER = test.LaudPlantsUITests;
				PRODUCT_NAME = "$(TARGET_NAME)";
				SWIFT_EMIT_LOC_STRINGS = NO;
				SWIFT_VERSION = 5.0;
				TARGETED_DEVICE_FAMILY = "1,2";
				TEST_TARGET_NAME = LaudPlants;
			};
			name = Release;
		};
/* End XCBuildConfiguration section */

/* Begin XCConfigurationList section */
		80944B7D2DB6B1190090D9EE /* Build configuration list for PBXProject "LaudPlants" */ = {
			isa = XCConfigurationList;
			buildConfigurations = (
				80944BA12DB6B11A0090D9EE /* Debug */,
				80944BA22DB6B11A0090D9EE /* Release */,
			);
			defaultConfigurationIsVisible = 0;
			defaultConfigurationName = Release;
		};
		80944BA32DB6B11A0090D9EE /* Build configuration list for PBXNativeTarget "LaudPlants" */ = {
			isa = XCConfigurationList;
			buildConfigurations = (
				80944BA42DB6B11A0090D9EE /* Debug */,
				80944BA52DB6B11A0090D9EE /* Release */,
			);
			defaultConfigurationIsVisible = 0;
			defaultConfigurationName = Release;
		};
		80944BA62DB6B11A0090D9EE /* Build configuration list for PBXNativeTarget "LaudPlantsTests" */ = {
			isa = XCConfigurationList;
			buildConfigurations = (
				80944BA72DB6B11A0090D9EE /* Debug */,
				80944BA82DB6B11A0090D9EE /* Release */,
			);
			defaultConfigurationIsVisible = 0;
			defaultConfigurationName = Release;
		};
		80944BA92DB6B11A0090D9EE /* Build configuration list for PBXNativeTarget "LaudPlantsUITests" */ = {
			isa = XCConfigurationList;
			buildConfigurations = (
				80944BAA2DB6B11A0090D9EE /* Debug */,
				80944BAB2DB6B11A0090D9EE /* Release */,
			);
			defaultConfigurationIsVisible = 0;
			defaultConfigurationName = Release;
		};
/* End XCConfigurationList section */
	};
	rootObject = 80944B7A2DB6B1190090D9EE /* Project object */;
}
